
Microsoft Visual Studio Solution File, Format Version 12.00
# Visual Studio Version 16
VisualStudioVersion = 16.0.29905.134
MinimumVisualStudioVersion = 10.0.40219.1
Project("{FAE04EC0-301F-11D3-BF4B-00C04F79EFBC}") = "Domaca_naloga", "Domaca_naloga\Domaca_naloga.csproj", "{2872CC0C-7785-4187-B0C4-B0BB68D801EF}"
EndProject
Global
	GlobalSection(SolutionConfigurationPlatforms) = preSolution
		Debug|Any CPU = Debug|Any CPU
		Release|Any CPU = Release|Any CPU
	EndGlobalSection
	GlobalSection(ProjectConfigurationPlatforms) = postSolution
		{2872CC0C-7785-4187-B0C4-B0BB68D801EF}.Debug|Any CPU.ActiveCfg = Debug|Any CPU
		{2872CC0C-7785-4187-B0C4-B0BB68D801EF}.Debug|Any CPU.Build.0 = Debug|Any CPU
		{2872CC0C-7785-4187-B0C4-B0BB68D801EF}.Release|Any CPU.ActiveCfg = Release|Any CPU
		{2872CC0C-7785-4187-B0C4-B0BB68D801EF}.Release|Any CPU.Build.0 = Release|Any CPU
	EndGlobalSection
	GlobalSection(SolutionProperties) = preSolution
		HideSolutionNode = FALSE
	EndGlobalSection
	GlobalSection(ExtensibilityGlobals) = postSolution
		SolutionGuid = {85B82A5E-8232-4064-87CB-4FFB5B32E639}
	EndGlobalSection
EndGlobal
